
Microsoft Visual Studio Solution File, Format Version 12.00
# Visual Studio Version 17
VisualStudioVersion = 17.9.34728.123
MinimumVisualStudioVersion = 10.0.40219.1
Project("{FAE04EC0-301F-11D3-BF4B-00C04F79EFBC}") = "CQRS-Decorator.API", "CQRS-Decorator.API\CQRS-Decorator.API.csproj", "{CA44BC6C-DB79-49D2-8417-6A3C941D3E53}"
EndProject
Project("{FAE04EC0-301F-11D3-BF4B-00C04F79EFBC}") = "CQRS-Decorator.Domain", "CQRS-Decorator.Domain\CQRS-Decorator.Domain.csproj", "{2ECB1EDC-FD3F-4012-B321-2055DCE00F3F}"
EndProject
Project("{FAE04EC0-301F-11D3-BF4B-00C04F79EFBC}") = "CQRS-Decorator.Infrastructure", "CQRS-Decorator.Infrastructure\CQRS-Decorator.Infrastructure.csproj", "{E5BB3B3E-C8AE-495F-9F8F-05A19A5BEECB}"
EndProject
Project("{FAE04EC0-301F-11D3-BF4B-00C04F79EFBC}") = "CQRS-Decorator.Application", "CQRS-Decorator.Application\CQRS-Decorator.Application.csproj", "{925DAD43-5B4C-449C-9947-229534F46B59}"
EndProject
Project("{FAE04EC0-301F-11D3-BF4B-00C04F79EFBC}") = "CQRS-Decorator.SharedKernel", "CQRS-Decorator.SharedKernel\CQRS-Decorator.SharedKernel.csproj", "{F2B767CC-1D2D-427E-BA6E-A767A82589CB}"
EndProject
Project("{FAE04EC0-301F-11D3-BF4B-00C04F79EFBC}") = "CQRS-Decorator.Decorators", "CQRS-Decorator.Decorators\CQRS-Decorator.Decorators.csproj", "{02C1B7CD-10FD-43AD-94A7-7658CE6F4672}"
EndProject
Project("{FAE04EC0-301F-11D3-BF4B-00C04F79EFBC}") = "CQRS-Decorator.Tests", "CQRS-Decorator.Tests\CQRS-Decorator.Tests.csproj", "{C9AF37E5-AD3C-4FF3-82F7-5D23492EDBC9}"
EndProject
Global
	GlobalSection(SolutionConfigurationPlatforms) = preSolution
		Debug|Any CPU = Debug|Any CPU
		Release|Any CPU = Release|Any CPU
	EndGlobalSection
	GlobalSection(ProjectConfigurationPlatforms) = postSolution
		{CA44BC6C-DB79-49D2-8417-6A3C941D3E53}.Debug|Any CPU.ActiveCfg = Debug|Any CPU
		{CA44BC6C-DB79-49D2-8417-6A3C941D3E53}.Debug|Any CPU.Build.0 = Debug|Any CPU
		{CA44BC6C-DB79-49D2-8417-6A3C941D3E53}.Release|Any CPU.ActiveCfg = Release|Any CPU
		{CA44BC6C-DB79-49D2-8417-6A3C941D3E53}.Release|Any CPU.Build.0 = Release|Any CPU
		{2ECB1EDC-FD3F-4012-B321-2055DCE00F3F}.Debug|Any CPU.ActiveCfg = Debug|Any CPU
		{2ECB1EDC-FD3F-4012-B321-2055DCE00F3F}.Debug|Any CPU.Build.0 = Debug|Any CPU
		{2ECB1EDC-FD3F-4012-B321-2055DCE00F3F}.Release|Any CPU.ActiveCfg = Release|Any CPU
		{2ECB1EDC-FD3F-4012-B321-2055DCE00F3F}.Release|Any CPU.Build.0 = Release|Any CPU
		{E5BB3B3E-C8AE-495F-9F8F-05A19A5BEECB}.Debug|Any CPU.ActiveCfg = Debug|Any CPU
		{E5BB3B3E-C8AE-495F-9F8F-05A19A5BEECB}.Debug|Any CPU.Build.0 = Debug|Any CPU
		{E5BB3B3E-C8AE-495F-9F8F-05A19A5BEECB}.Release|Any CPU.ActiveCfg = Release|Any CPU
		{E5BB3B3E-C8AE-495F-9F8F-05A19A5BEECB}.Release|Any CPU.Build.0 = Release|Any CPU
		{925DAD43-5B4C-449C-9947-229534F46B59}.Debug|Any CPU.ActiveCfg = Debug|Any CPU
		{925DAD43-5B4C-449C-9947-229534F46B59}.Debug|Any CPU.Build.0 = Debug|Any CPU
		{925DAD43-5B4C-449C-9947-229534F46B59}.Release|Any CPU.ActiveCfg = Release|Any CPU
		{925DAD43-5B4C-449C-9947-229534F46B59}.Release|Any CPU.Build.0 = Release|Any CPU
		{F2B767CC-1D2D-427E-BA6E-A767A82589CB}.Debug|Any CPU.ActiveCfg = Debug|Any CPU
		{F2B767CC-1D2D-427E-BA6E-A767A82589CB}.Debug|Any CPU.Build.0 = Debug|Any CPU
		{F2B767CC-1D2D-427E-BA6E-A767A82589CB}.Release|Any CPU.ActiveCfg = Release|Any CPU
		{F2B767CC-1D2D-427E-BA6E-A767A82589CB}.Release|Any CPU.Build.0 = Release|Any CPU
		{02C1B7CD-10FD-43AD-94A7-7658CE6F4672}.Debug|Any CPU.ActiveCfg = Debug|Any CPU
		{02C1B7CD-10FD-43AD-94A7-7658CE6F4672}.Debug|Any CPU.Build.0 = Debug|Any CPU
		{02C1B7CD-10FD-43AD-94A7-7658CE6F4672}.Release|Any CPU.ActiveCfg = Release|Any CPU
		{02C1B7CD-10FD-43AD-94A7-7658CE6F4672}.Release|Any CPU.Build.0 = Release|Any CPU
		{C9AF37E5-AD3C-4FF3-82F7-5D23492EDBC9}.Debug|Any CPU.ActiveCfg = Debug|Any CPU
		{C9AF37E5-AD3C-4FF3-82F7-5D23492EDBC9}.Debug|Any CPU.Build.0 = Debug|Any CPU
		{C9AF37E5-AD3C-4FF3-82F7-5D23492EDBC9}.Release|Any CPU.ActiveCfg = Release|Any CPU
		{C9AF37E5-AD3C-4FF3-82F7-5D23492EDBC9}.Release|Any CPU.Build.0 = Release|Any CPU
	EndGlobalSection
	GlobalSection(SolutionProperties) = preSolution
		HideSolutionNode = FALSE
	EndGlobalSection
	GlobalSection(ExtensibilityGlobals) = postSolution
		SolutionGuid = {52E03AA6-95E4-4EFE-B7B4-B07E51F3ECD7}
	EndGlobalSection
EndGlobal
